
Microsoft Visual Studio Solution File, Format Version 12.00
# Visual Studio Version 17
VisualStudioVersion = 17.1.32407.343
MinimumVisualStudioVersion = 10.0.40219.1
Project("{2150E333-8FDC-42A3-9474-1A3956D46DE8}") = "Frontend", "Frontend", "{4ED86FA4-EBC4-4EA7-95CC-7310553F688F}"
EndProject
Project("{9A19103F-16F7-4668-BE54-9A1E7A4F7556}") = "Mango.Web", "Mango.Web\Mango.Web.csproj", "{9C14E713-D457-43FC-B4C7-A32AFF67DE66}"
EndProject
Project("{2150E333-8FDC-42A3-9474-1A3956D46DE8}") = "Services", "Services", "{11F6D267-7329-426E-9D89-51BE5F7BAC69}"
EndProject
Project("{9A19103F-16F7-4668-BE54-9A1E7A4F7556}") = "Mango.Services.ProductAPI", "Mango.Services.API\Mango.Services.ProductAPI.csproj", "{7FD4DB2C-B4F2-4143-B6E4-0ADE806B7309}"
EndProject
Global
	GlobalSection(SolutionConfigurationPlatforms) = preSolution
		Debug|Any CPU = Debug|Any CPU
		Release|Any CPU = Release|Any CPU
	EndGlobalSection
	GlobalSection(ProjectConfigurationPlatforms) = postSolution
		{9C14E713-D457-43FC-B4C7-A32AFF67DE66}.Debug|Any CPU.ActiveCfg = Debug|Any CPU
		{9C14E713-D457-43FC-B4C7-A32AFF67DE66}.Debug|Any CPU.Build.0 = Debug|Any CPU
		{9C14E713-D457-43FC-B4C7-A32AFF67DE66}.Release|Any CPU.ActiveCfg = Release|Any CPU
		{9C14E713-D457-43FC-B4C7-A32AFF67DE66}.Release|Any CPU.Build.0 = Release|Any CPU
		{7FD4DB2C-B4F2-4143-B6E4-0ADE806B7309}.Debug|Any CPU.ActiveCfg = Debug|Any CPU
		{7FD4DB2C-B4F2-4143-B6E4-0ADE806B7309}.Debug|Any CPU.Build.0 = Debug|Any CPU
		{7FD4DB2C-B4F2-4143-B6E4-0ADE806B7309}.Release|Any CPU.ActiveCfg = Release|Any CPU
		{7FD4DB2C-B4F2-4143-B6E4-0ADE806B7309}.Release|Any CPU.Build.0 = Release|Any CPU
	EndGlobalSection
	GlobalSection(SolutionProperties) = preSolution
		HideSolutionNode = FALSE
	EndGlobalSection
	GlobalSection(NestedProjects) = preSolution
		{9C14E713-D457-43FC-B4C7-A32AFF67DE66} = {4ED86FA4-EBC4-4EA7-95CC-7310553F688F}
		{7FD4DB2C-B4F2-4143-B6E4-0ADE806B7309} = {11F6D267-7329-426E-9D89-51BE5F7BAC69}
	EndGlobalSection
	GlobalSection(ExtensibilityGlobals) = postSolution
		SolutionGuid = {9D59DCAE-3032-433F-BD45-242943852B98}
	EndGlobalSection
EndGlobal
